
Microsoft Visual Studio Solution File, Format Version 12.00
# Visual Studio 15
Project("{FAE04EC0-301F-11D3-BF4B-00C04F79EFBC}") = "Assembly-CSharp", "Assembly-CSharp.csproj", "{3AEFEF83-F848-1A31-CA72-1F0B97E6A81C}"
EndProject
Project("{FAE04EC0-301F-11D3-BF4B-00C04F79EFBC}") = "Assembly-CSharp-Editor", "Assembly-CSharp-Editor.csproj", "{C4F444A4-A24E-AD1D-C66B-977091E64FC8}"
EndProject
Global
	GlobalSection(SolutionConfigurationPlatforms) = preSolution
		Debug|Any CPU = Debug|Any CPU
		Release|Any CPU = Release|Any CPU
	EndGlobalSection
	GlobalSection(ProjectConfigurationPlatforms) = postSolution
		{3AEFEF83-F848-1A31-CA72-1F0B97E6A81C}.Debug|Any CPU.ActiveCfg = Debug|Any CPU
		{3AEFEF83-F848-1A31-CA72-1F0B97E6A81C}.Debug|Any CPU.Build.0 = Debug|Any CPU
		{3AEFEF83-F848-1A31-CA72-1F0B97E6A81C}.Release|Any CPU.ActiveCfg = Release|Any CPU
		{3AEFEF83-F848-1A31-CA72-1F0B97E6A81C}.Release|Any CPU.Build.0 = Release|Any CPU
		{C4F444A4-A24E-AD1D-C66B-977091E64FC8}.Debug|Any CPU.ActiveCfg = Debug|Any CPU
		{C4F444A4-A24E-AD1D-C66B-977091E64FC8}.Debug|Any CPU.Build.0 = Debug|Any CPU
		{C4F444A4-A24E-AD1D-C66B-977091E64FC8}.Release|Any CPU.ActiveCfg = Release|Any CPU
		{C4F444A4-A24E-AD1D-C66B-977091E64FC8}.Release|Any CPU.Build.0 = Release|Any CPU
	EndGlobalSection
	GlobalSection(SolutionProperties) = preSolution
		HideSolutionNode = FALSE
	EndGlobalSection
EndGlobal
